
Microsoft Visual Studio Solution File, Format Version 12.00
# Visual Studio 15
VisualStudioVersion = 15.0.28307.572
MinimumVisualStudioVersion = 10.0.40219.1
Project("{FAE04EC0-301F-11D3-BF4B-00C04F79EFBC}") = "BlogModel", "BlogModel\BlogModel.csproj", "{A9010A6C-3C97-4D19-B59F-720B05E66A7F}"
EndProject
Project("{FAE04EC0-301F-11D3-BF4B-00C04F79EFBC}") = "BlogData", "BlogData\BlogData.csproj", "{5AEE3D44-8DCC-4EAC-9158-96F733F5E300}"
EndProject
Project("{FAE04EC0-301F-11D3-BF4B-00C04F79EFBC}") = "BlogConsoleTest", "BlogConsoleTest\BlogConsoleTest.csproj", "{F4BDF1B3-FB1B-48A3-B81C-E0317A32A248}"
EndProject
Project("{FAE04EC0-301F-11D3-BF4B-00C04F79EFBC}") = "BlogWeb", "BlogWeb\BlogWeb.csproj", "{8EE68ACE-AB60-4489-A0BA-91BFF0EFCBFA}"
EndProject
Project("{FAE04EC0-301F-11D3-BF4B-00C04F79EFBC}") = "BlogWpfApp", "BlogWpfApp\BlogWpfApp.csproj", "{B87297DD-F1C9-4B09-A870-8BC35144E468}"
EndProject
Global
	GlobalSection(SolutionConfigurationPlatforms) = preSolution
		Debug|Any CPU = Debug|Any CPU
		Release|Any CPU = Release|Any CPU
	EndGlobalSection
	GlobalSection(ProjectConfigurationPlatforms) = postSolution
		{A9010A6C-3C97-4D19-B59F-720B05E66A7F}.Debug|Any CPU.ActiveCfg = Debug|Any CPU
		{A9010A6C-3C97-4D19-B59F-720B05E66A7F}.Debug|Any CPU.Build.0 = Debug|Any CPU
		{A9010A6C-3C97-4D19-B59F-720B05E66A7F}.Release|Any CPU.ActiveCfg = Release|Any CPU
		{A9010A6C-3C97-4D19-B59F-720B05E66A7F}.Release|Any CPU.Build.0 = Release|Any CPU
		{5AEE3D44-8DCC-4EAC-9158-96F733F5E300}.Debug|Any CPU.ActiveCfg = Debug|Any CPU
		{5AEE3D44-8DCC-4EAC-9158-96F733F5E300}.Debug|Any CPU.Build.0 = Debug|Any CPU
		{5AEE3D44-8DCC-4EAC-9158-96F733F5E300}.Release|Any CPU.ActiveCfg = Release|Any CPU
		{5AEE3D44-8DCC-4EAC-9158-96F733F5E300}.Release|Any CPU.Build.0 = Release|Any CPU
		{F4BDF1B3-FB1B-48A3-B81C-E0317A32A248}.Debug|Any CPU.ActiveCfg = Debug|Any CPU
		{F4BDF1B3-FB1B-48A3-B81C-E0317A32A248}.Debug|Any CPU.Build.0 = Debug|Any CPU
		{F4BDF1B3-FB1B-48A3-B81C-E0317A32A248}.Release|Any CPU.ActiveCfg = Release|Any CPU
		{F4BDF1B3-FB1B-48A3-B81C-E0317A32A248}.Release|Any CPU.Build.0 = Release|Any CPU
		{8EE68ACE-AB60-4489-A0BA-91BFF0EFCBFA}.Debug|Any CPU.ActiveCfg = Debug|Any CPU
		{8EE68ACE-AB60-4489-A0BA-91BFF0EFCBFA}.Debug|Any CPU.Build.0 = Debug|Any CPU
		{8EE68ACE-AB60-4489-A0BA-91BFF0EFCBFA}.Release|Any CPU.ActiveCfg = Release|Any CPU
		{8EE68ACE-AB60-4489-A0BA-91BFF0EFCBFA}.Release|Any CPU.Build.0 = Release|Any CPU
		{B87297DD-F1C9-4B09-A870-8BC35144E468}.Debug|Any CPU.ActiveCfg = Debug|Any CPU
		{B87297DD-F1C9-4B09-A870-8BC35144E468}.Debug|Any CPU.Build.0 = Debug|Any CPU
		{B87297DD-F1C9-4B09-A870-8BC35144E468}.Release|Any CPU.ActiveCfg = Release|Any CPU
		{B87297DD-F1C9-4B09-A870-8BC35144E468}.Release|Any CPU.Build.0 = Release|Any CPU
	EndGlobalSection
	GlobalSection(SolutionProperties) = preSolution
		HideSolutionNode = FALSE
	EndGlobalSection
	GlobalSection(ExtensibilityGlobals) = postSolution
		SolutionGuid = {67F2E376-CABA-43C4-A2CA-F3897B241FD1}
	EndGlobalSection
EndGlobal
