
Microsoft Visual Studio Solution File, Format Version 12.00
# Visual Studio 2012
Project("{FAE04EC0-301F-11D3-BF4B-00C04F79EFBC}") = "ZipPassword", "ZipPassword\ZipPassword.csproj", "{B6BAD42A-77F3-410F-B033-83AA063246BC}"
EndProject
Project("{FAE04EC0-301F-11D3-BF4B-00C04F79EFBC}") = "CreateShortcut", "CreateShortcut\CreateShortcut.csproj", "{5C80D0C2-E076-4DE2-9CB8-9AEADD07B1DF}"
EndProject
Global
	GlobalSection(SolutionConfigurationPlatforms) = preSolution
		Debug|Any CPU = Debug|Any CPU
		Release|Any CPU = Release|Any CPU
	EndGlobalSection
	GlobalSection(ProjectConfigurationPlatforms) = postSolution
		{B6BAD42A-77F3-410F-B033-83AA063246BC}.Debug|Any CPU.ActiveCfg = Debug|Any CPU
		{B6BAD42A-77F3-410F-B033-83AA063246BC}.Debug|Any CPU.Build.0 = Debug|Any CPU
		{B6BAD42A-77F3-410F-B033-83AA063246BC}.Release|Any CPU.ActiveCfg = Release|Any CPU
		{B6BAD42A-77F3-410F-B033-83AA063246BC}.Release|Any CPU.Build.0 = Release|Any CPU
		{5C80D0C2-E076-4DE2-9CB8-9AEADD07B1DF}.Debug|Any CPU.ActiveCfg = Debug|Any CPU
		{5C80D0C2-E076-4DE2-9CB8-9AEADD07B1DF}.Debug|Any CPU.Build.0 = Debug|Any CPU
		{5C80D0C2-E076-4DE2-9CB8-9AEADD07B1DF}.Release|Any CPU.ActiveCfg = Release|Any CPU
		{5C80D0C2-E076-4DE2-9CB8-9AEADD07B1DF}.Release|Any CPU.Build.0 = Release|Any CPU
	EndGlobalSection
	GlobalSection(SolutionProperties) = preSolution
		HideSolutionNode = FALSE
	EndGlobalSection
EndGlobal
