
Microsoft Visual Studio Solution File, Format Version 12.00
# Visual Studio 15
VisualStudioVersion = 15.0.28307.572
MinimumVisualStudioVersion = 10.0.40219.1
Project("{FAE04EC0-301F-11D3-BF4B-00C04F79EFBC}") = "TodoAPI", "TodoAPI\TodoAPI.csproj", "{D4224991-8ED6-4139-B974-7EC8A69097F1}"
EndProject
Global
	GlobalSection(SolutionConfigurationPlatforms) = preSolution
		Debug|Any CPU = Debug|Any CPU
		Release|Any CPU = Release|Any CPU
	EndGlobalSection
	GlobalSection(ProjectConfigurationPlatforms) = postSolution
		{D4224991-8ED6-4139-B974-7EC8A69097F1}.Debug|Any CPU.ActiveCfg = Debug|Any CPU
		{D4224991-8ED6-4139-B974-7EC8A69097F1}.Debug|Any CPU.Build.0 = Debug|Any CPU
		{D4224991-8ED6-4139-B974-7EC8A69097F1}.Release|Any CPU.ActiveCfg = Release|Any CPU
		{D4224991-8ED6-4139-B974-7EC8A69097F1}.Release|Any CPU.Build.0 = Release|Any CPU
	EndGlobalSection
	GlobalSection(SolutionProperties) = preSolution
		HideSolutionNode = FALSE
	EndGlobalSection
	GlobalSection(ExtensibilityGlobals) = postSolution
		SolutionGuid = {59A69024-0306-46A3-9018-0DBDA550BC55}
	EndGlobalSection
EndGlobal
